
Microsoft Visual Studio Solution File, Format Version 12.00
# Visual Studio 15
VisualStudioVersion = 15.0.26124.0
MinimumVisualStudioVersion = 15.0.26124.0
Project("{FAE04EC0-301F-11D3-BF4B-00C04F79EFBC}") = "SlownikPolonijny.Dal", "SlownikPolonijny.Dal\SlownikPolonijny.Dal.csproj", "{086826BA-4890-4C96-B166-DC50919E408A}"
EndProject
Project("{FAE04EC0-301F-11D3-BF4B-00C04F79EFBC}") = "SlownikPolonijny.Dal.Mongo", "SlownikPolonijny.Dal.Mongo\SlownikPolonijny.Dal.Mongo.csproj", "{D1201473-14A2-4151-8ADC-D69A69C75AF6}"
EndProject
Project("{FAE04EC0-301F-11D3-BF4B-00C04F79EFBC}") = "SlownikPolonijny.Playground", "SlownikPolonijny.Playground\SlownikPolonijny.Playground.csproj", "{84F4CA8B-FD8D-483C-8445-ECE6876C1491}"
EndProject
Project("{FAE04EC0-301F-11D3-BF4B-00C04F79EFBC}") = "SlownikPolonijny.Web", "SlownikPolonijny.Web\SlownikPolonijny.Web.csproj", "{690F86F5-D7EA-49D2-BC3D-D5CE130F9BF9}"
EndProject
Global
	GlobalSection(SolutionConfigurationPlatforms) = preSolution
		Debug|Any CPU = Debug|Any CPU
		Debug|x64 = Debug|x64
		Debug|x86 = Debug|x86
		Release|Any CPU = Release|Any CPU
		Release|x64 = Release|x64
		Release|x86 = Release|x86
	EndGlobalSection
	GlobalSection(SolutionProperties) = preSolution
		HideSolutionNode = FALSE
	EndGlobalSection
	GlobalSection(ProjectConfigurationPlatforms) = postSolution
		{086826BA-4890-4C96-B166-DC50919E408A}.Debug|Any CPU.ActiveCfg = Debug|Any CPU
		{086826BA-4890-4C96-B166-DC50919E408A}.Debug|Any CPU.Build.0 = Debug|Any CPU
		{086826BA-4890-4C96-B166-DC50919E408A}.Debug|x64.ActiveCfg = Debug|Any CPU
		{086826BA-4890-4C96-B166-DC50919E408A}.Debug|x64.Build.0 = Debug|Any CPU
		{086826BA-4890-4C96-B166-DC50919E408A}.Debug|x86.ActiveCfg = Debug|Any CPU
		{086826BA-4890-4C96-B166-DC50919E408A}.Debug|x86.Build.0 = Debug|Any CPU
		{086826BA-4890-4C96-B166-DC50919E408A}.Release|Any CPU.ActiveCfg = Release|Any CPU
		{086826BA-4890-4C96-B166-DC50919E408A}.Release|Any CPU.Build.0 = Release|Any CPU
		{086826BA-4890-4C96-B166-DC50919E408A}.Release|x64.ActiveCfg = Release|Any CPU
		{086826BA-4890-4C96-B166-DC50919E408A}.Release|x64.Build.0 = Release|Any CPU
		{086826BA-4890-4C96-B166-DC50919E408A}.Release|x86.ActiveCfg = Release|Any CPU
		{086826BA-4890-4C96-B166-DC50919E408A}.Release|x86.Build.0 = Release|Any CPU
		{D1201473-14A2-4151-8ADC-D69A69C75AF6}.Debug|Any CPU.ActiveCfg = Debug|Any CPU
		{D1201473-14A2-4151-8ADC-D69A69C75AF6}.Debug|Any CPU.Build.0 = Debug|Any CPU
		{D1201473-14A2-4151-8ADC-D69A69C75AF6}.Debug|x64.ActiveCfg = Debug|Any CPU
		{D1201473-14A2-4151-8ADC-D69A69C75AF6}.Debug|x64.Build.0 = Debug|Any CPU
		{D1201473-14A2-4151-8ADC-D69A69C75AF6}.Debug|x86.ActiveCfg = Debug|Any CPU
		{D1201473-14A2-4151-8ADC-D69A69C75AF6}.Debug|x86.Build.0 = Debug|Any CPU
		{D1201473-14A2-4151-8ADC-D69A69C75AF6}.Release|Any CPU.ActiveCfg = Release|Any CPU
		{D1201473-14A2-4151-8ADC-D69A69C75AF6}.Release|Any CPU.Build.0 = Release|Any CPU
		{D1201473-14A2-4151-8ADC-D69A69C75AF6}.Release|x64.ActiveCfg = Release|Any CPU
		{D1201473-14A2-4151-8ADC-D69A69C75AF6}.Release|x64.Build.0 = Release|Any CPU
		{D1201473-14A2-4151-8ADC-D69A69C75AF6}.Release|x86.ActiveCfg = Release|Any CPU
		{D1201473-14A2-4151-8ADC-D69A69C75AF6}.Release|x86.Build.0 = Release|Any CPU
		{84F4CA8B-FD8D-483C-8445-ECE6876C1491}.Debug|Any CPU.ActiveCfg = Debug|Any CPU
		{84F4CA8B-FD8D-483C-8445-ECE6876C1491}.Debug|Any CPU.Build.0 = Debug|Any CPU
		{84F4CA8B-FD8D-483C-8445-ECE6876C1491}.Debug|x64.ActiveCfg = Debug|Any CPU
		{84F4CA8B-FD8D-483C-8445-ECE6876C1491}.Debug|x64.Build.0 = Debug|Any CPU
		{84F4CA8B-FD8D-483C-8445-ECE6876C1491}.Debug|x86.ActiveCfg = Debug|Any CPU
		{84F4CA8B-FD8D-483C-8445-ECE6876C1491}.Debug|x86.Build.0 = Debug|Any CPU
		{84F4CA8B-FD8D-483C-8445-ECE6876C1491}.Release|Any CPU.ActiveCfg = Release|Any CPU
		{84F4CA8B-FD8D-483C-8445-ECE6876C1491}.Release|Any CPU.Build.0 = Release|Any CPU
		{84F4CA8B-FD8D-483C-8445-ECE6876C1491}.Release|x64.ActiveCfg = Release|Any CPU
		{84F4CA8B-FD8D-483C-8445-ECE6876C1491}.Release|x64.Build.0 = Release|Any CPU
		{84F4CA8B-FD8D-483C-8445-ECE6876C1491}.Release|x86.ActiveCfg = Release|Any CPU
		{84F4CA8B-FD8D-483C-8445-ECE6876C1491}.Release|x86.Build.0 = Release|Any CPU
		{690F86F5-D7EA-49D2-BC3D-D5CE130F9BF9}.Debug|Any CPU.ActiveCfg = Debug|Any CPU
		{690F86F5-D7EA-49D2-BC3D-D5CE130F9BF9}.Debug|Any CPU.Build.0 = Debug|Any CPU
		{690F86F5-D7EA-49D2-BC3D-D5CE130F9BF9}.Debug|x64.ActiveCfg = Debug|Any CPU
		{690F86F5-D7EA-49D2-BC3D-D5CE130F9BF9}.Debug|x64.Build.0 = Debug|Any CPU
		{690F86F5-D7EA-49D2-BC3D-D5CE130F9BF9}.Debug|x86.ActiveCfg = Debug|Any CPU
		{690F86F5-D7EA-49D2-BC3D-D5CE130F9BF9}.Debug|x86.Build.0 = Debug|Any CPU
		{690F86F5-D7EA-49D2-BC3D-D5CE130F9BF9}.Release|Any CPU.ActiveCfg = Release|Any CPU
		{690F86F5-D7EA-49D2-BC3D-D5CE130F9BF9}.Release|Any CPU.Build.0 = Release|Any CPU
		{690F86F5-D7EA-49D2-BC3D-D5CE130F9BF9}.Release|x64.ActiveCfg = Release|Any CPU
		{690F86F5-D7EA-49D2-BC3D-D5CE130F9BF9}.Release|x64.Build.0 = Release|Any CPU
		{690F86F5-D7EA-49D2-BC3D-D5CE130F9BF9}.Release|x86.ActiveCfg = Release|Any CPU
		{690F86F5-D7EA-49D2-BC3D-D5CE130F9BF9}.Release|x86.Build.0 = Release|Any CPU
	EndGlobalSection
EndGlobal
